
Microsoft Visual Studio Solution File, Format Version 12.00
# Visual Studio Version 17
VisualStudioVersion = 17.6.33815.320
MinimumVisualStudioVersion = 10.0.40219.1
Project("{FAE04EC0-301F-11D3-BF4B-00C04F79EFBC}") = "accesso diretto", "accesso diretto\accesso diretto.csproj", "{B1B2FF6C-0FE2-479E-9903-0D97A2BFAF3F}"
EndProject
Global
	GlobalSection(SolutionConfigurationPlatforms) = preSolution
		Debug|Any CPU = Debug|Any CPU
		Release|Any CPU = Release|Any CPU
	EndGlobalSection
	GlobalSection(ProjectConfigurationPlatforms) = postSolution
		{B1B2FF6C-0FE2-479E-9903-0D97A2BFAF3F}.Debug|Any CPU.ActiveCfg = Debug|Any CPU
		{B1B2FF6C-0FE2-479E-9903-0D97A2BFAF3F}.Debug|Any CPU.Build.0 = Debug|Any CPU
		{B1B2FF6C-0FE2-479E-9903-0D97A2BFAF3F}.Release|Any CPU.ActiveCfg = Release|Any CPU
		{B1B2FF6C-0FE2-479E-9903-0D97A2BFAF3F}.Release|Any CPU.Build.0 = Release|Any CPU
	EndGlobalSection
	GlobalSection(SolutionProperties) = preSolution
		HideSolutionNode = FALSE
	EndGlobalSection
	GlobalSection(ExtensibilityGlobals) = postSolution
		SolutionGuid = {481CB586-EB64-4FF2-89CF-7628F4B7E9D5}
	EndGlobalSection
EndGlobal
